// !$*UTF8*$!
{
	archiveVersion = 1;
	classes = {
	};
	objectVersion = 77;
	objects = {

/* Begin PBXContainerItemProxy section */
		573A46702DCA1D0C00BD7177 /* PBXContainerItemProxy */ = {
			isa = PBXContainerItemProxy;
			containerPortal = 573A46572DCA1D0900BD7177 /* Project object */;
			proxyType = 1;
			remoteGlobalIDString = 573A465E2DCA1D0A00BD7177;
			remoteInfo = composeHostingApp;
		};
		573A467A2DCA1D0C00BD7177 /* PBXContainerItemProxy */ = {
			isa = PBXContainerItemProxy;
			containerPortal = 573A46572DCA1D0900BD7177 /* Project object */;
			proxyType = 1;
			remoteGlobalIDString = 573A465E2DCA1D0A00BD7177;
			remoteInfo = composeHostingApp;
		};
/* End PBXContainerItemProxy section */

/* Begin PBXFileReference section */
		573A465F2DCA1D0A00BD7177 /* composeHostingApp.app */ = {isa = PBXFileReference; explicitFileType = wrapper.application; includeInIndex = 0; path = composeHostingApp.app; sourceTree = BUILT_PRODUCTS_DIR; };
		573A466F2DCA1D0C00BD7177 /* composeHostingAppTests.xctest */ = {isa = PBXFileReference; explicitFileType = wrapper.cfbundle; includeInIndex = 0; path = composeHostingAppTests.xctest; sourceTree = BUILT_PRODUCTS_DIR; };
		573A46792DCA1D0C00BD7177 /* composeHostingAppUITests.xctest */ = {isa = PBXFileReference; explicitFileType = wrapper.cfbundle; includeInIndex = 0; path = composeHostingAppUITests.xctest; sourceTree = BUILT_PRODUCTS_DIR; };
/* End PBXFileReference section */

/* Begin PBXFileSystemSynchronizedRootGroup section */
		573A46612DCA1D0A00BD7177 /* composeHostingApp */ = {
			isa = PBXFileSystemSynchronizedRootGroup;
			path = composeHostingApp;
			sourceTree = "<group>";
		};
		573A46722DCA1D0C00BD7177 /* composeHostingAppTests */ = {
			isa = PBXFileSystemSynchronizedRootGroup;
			path = composeHostingAppTests;
			sourceTree = "<group>";
		};
		573A467C2DCA1D0C00BD7177 /* composeHostingAppUITests */ = {
			isa = PBXFileSystemSynchronizedRootGroup;
			path = composeHostingAppUITests;
			sourceTree = "<group>";
		};
/* End PBXFileSystemSynchronizedRootGroup section */

/* Begin PBXFrameworksBuildPhase section */
		573A465C2DCA1D0A00BD7177 /* Frameworks */ = {
			isa = PBXFrameworksBuildPhase;
			buildActionMask = 2147483647;
			files = (
			);
			runOnlyForDeploymentPostprocessing = 0;
		};
		573A466C2DCA1D0C00BD7177 /* Frameworks */ = {
			isa = PBXFrameworksBuildPhase;
			buildActionMask = 2147483647;
			files = (
			);
			runOnlyForDeploymentPostprocessing = 0;
		};
		573A46762DCA1D0C00BD7177 /* Frameworks */ = {
			isa = PBXFrameworksBuildPhase;
			buildActionMask = 2147483647;
			files = (
			);
			runOnlyForDeploymentPostprocessing = 0;
		};
/* End PBXFrameworksBuildPhase section */

/* Begin PBXGroup section */
		573A46562DCA1D0900BD7177 = {
			isa = PBXGroup;
			children = (
				573A46612DCA1D0A00BD7177 /* composeHostingApp */,
				573A46722DCA1D0C00BD7177 /* composeHostingAppTests */,
				573A467C2DCA1D0C00BD7177 /* composeHostingAppUITests */,
				573A46602DCA1D0A00BD7177 /* Products */,
			);
			sourceTree = "<group>";
		};
		573A46602DCA1D0A00BD7177 /* Products */ = {
			isa = PBXGroup;
			children = (
				573A465F2DCA1D0A00BD7177 /* composeHostingApp.app */,
				573A466F2DCA1D0C00BD7177 /* composeHostingAppTests.xctest */,
				573A46792DCA1D0C00BD7177 /* composeHostingAppUITests.xctest */,
			);
			name = Products;
			sourceTree = "<group>";
		};
/* End PBXGroup section */

/* Begin PBXNativeTarget section */
		573A465E2DCA1D0A00BD7177 /* composeHostingApp */ = {
			isa = PBXNativeTarget;
			buildConfigurationList = 573A46832DCA1D0C00BD7177 /* Build configuration list for PBXNativeTarget "composeHostingApp" */;
			buildPhases = (
				573A465B2DCA1D0A00BD7177 /* Sources */,
				573A465C2DCA1D0A00BD7177 /* Frameworks */,
				573A465D2DCA1D0A00BD7177 /* Resources */,
			);
			buildRules = (
			);
			dependencies = (
			);
			fileSystemSynchronizedGroups = (
				573A46612DCA1D0A00BD7177 /* composeHostingApp */,
			);
			name = composeHostingApp;
			packageProductDependencies = (
			);
			productName = composeHostingApp;
			productReference = 573A465F2DCA1D0A00BD7177 /* composeHostingApp.app */;
			productType = "com.apple.product-type.application";
		};
		573A466E2DCA1D0C00BD7177 /* composeHostingAppTests */ = {
			isa = PBXNativeTarget;
			buildConfigurationList = 573A46862DCA1D0C00BD7177 /* Build configuration list for PBXNativeTarget "composeHostingAppTests" */;
			buildPhases = (
				573A466B2DCA1D0C00BD7177 /* Sources */,
				573A466C2DCA1D0C00BD7177 /* Frameworks */,
				573A466D2DCA1D0C00BD7177 /* Resources */,
			);
			buildRules = (
			);
			dependencies = (
				573A46712DCA1D0C00BD7177 /* PBXTargetDependency */,
			);
			fileSystemSynchronizedGroups = (
				573A46722DCA1D0C00BD7177 /* composeHostingAppTests */,
			);
			name = composeHostingAppTests;
			packageProductDependencies = (
			);
			productName = composeHostingAppTests;
			productReference = 573A466F2DCA1D0C00BD7177 /* composeHostingAppTests.xctest */;
			productType = "com.apple.product-type.bundle.unit-test";
		};
		573A46782DCA1D0C00BD7177 /* composeHostingAppUITests */ = {
			isa = PBXNativeTarget;
			buildConfigurationList = 573A46892DCA1D0C00BD7177 /* Build configuration list for PBXNativeTarget "composeHostingAppUITests" */;
			buildPhases = (
				573A46752DCA1D0C00BD7177 /* Sources */,
				573A46762DCA1D0C00BD7177 /* Frameworks */,
				573A46772DCA1D0C00BD7177 /* Resources */,
			);
			buildRules = (
			);
			dependencies = (
				573A467B2DCA1D0C00BD7177 /* PBXTargetDependency */,
			);
			fileSystemSynchronizedGroups = (
				573A467C2DCA1D0C00BD7177 /* composeHostingAppUITests */,
			);
			name = composeHostingAppUITests;
			packageProductDependencies = (
			);
			productName = composeHostingAppUITests;
			productReference = 573A46792DCA1D0C00BD7177 /* composeHostingAppUITests.xctest */;
			productType = "com.apple.product-type.bundle.ui-testing";
		};
/* End PBXNativeTarget section */

/* Begin PBXProject section */
		573A46572DCA1D0900BD7177 /* Project object */ = {
			isa = PBXProject;
			attributes = {
				BuildIndependentTargetsInParallel = 1;
				LastSwiftUpdateCheck = 1620;
				LastUpgradeCheck = 1620;
				TargetAttributes = {
					573A465E2DCA1D0A00BD7177 = {
						CreatedOnToolsVersion = 16.2;
					};
					573A466E2DCA1D0C00BD7177 = {
						CreatedOnToolsVersion = 16.2;
						TestTargetID = 573A465E2DCA1D0A00BD7177;
					};
					573A46782DCA1D0C00BD7177 = {
						CreatedOnToolsVersion = 16.2;
						TestTargetID = 573A465E2DCA1D0A00BD7177;
					};
				};
			};
			buildConfigurationList = 573A465A2DCA1D0900BD7177 /* Build configuration list for PBXProject "composeHostingApp" */;
			developmentRegion = en;
			hasScannedForEncodings = 0;
			knownRegions = (
				en,
				Base,
			);
			mainGroup = 573A46562DCA1D0900BD7177;
			minimizedProjectReferenceProxies = 1;
			preferredProjectObjectVersion = 77;
			productRefGroup = 573A46602DCA1D0A00BD7177 /* Products */;
			projectDirPath = "";
			projectRoot = "";
			targets = (
				573A465E2DCA1D0A00BD7177 /* composeHostingApp */,
				573A466E2DCA1D0C00BD7177 /* composeHostingAppTests */,
				573A46782DCA1D0C00BD7177 /* composeHostingAppUITests */,
			);
		};
/* End PBXProject section */

/* Begin PBXResourcesBuildPhase section */
		573A465D2DCA1D0A00BD7177 /* Resources */ = {
			isa = PBXResourcesBuildPhase;
			buildActionMask = 2147483647;
			files = (
			);
			runOnlyForDeploymentPostprocessing = 0;
		};
		573A466D2DCA1D0C00BD7177 /* Resources */ = {
			isa = PBXResourcesBuildPhase;
			buildActionMask = 2147483647;
			files = (
			);
			runOnlyForDeploymentPostprocessing = 0;
		};
		573A46772DCA1D0C00BD7177 /* Resources */ = {
			isa = PBXResourcesBuildPhase;
			buildActionMask = 2147483647;
			files = (
			);
			runOnlyForDeploymentPostprocessing = 0;
		};
/* End PBXResourcesBuildPhase section */

/* Begin PBXSourcesBuildPhase section */
		573A465B2DCA1D0A00BD7177 /* Sources */ = {
			isa = PBXSourcesBuildPhase;
			buildActionMask = 2147483647;
			files = (
			);
			runOnlyForDeploymentPostprocessing = 0;
		};
		573A466B2DCA1D0C00BD7177 /* Sources */ = {
			isa = PBXSourcesBuildPhase;
			buildActionMask = 2147483647;
			files = (
			);
			runOnlyForDeploymentPostprocessing = 0;
		};
		573A46752DCA1D0C00BD7177 /* Sources */ = {
			isa = PBXSourcesBuildPhase;
			buildActionMask = 2147483647;
			files = (
			);
			runOnlyForDeploymentPostprocessing = 0;
		};
/* End PBXSourcesBuildPhase section */

/* Begin PBXTargetDependency section */
		573A46712DCA1D0C00BD7177 /* PBXTargetDependency */ = {
			isa = PBXTargetDependency;
			target = 573A465E2DCA1D0A00BD7177 /* composeHostingApp */;
			targetProxy = 573A46702DCA1D0C00BD7177 /* PBXContainerItemProxy */;
		};
		573A467B2DCA1D0C00BD7177 /* PBXTargetDependency */ = {
			isa = PBXTargetDependency;
			target = 573A465E2DCA1D0A00BD7177 /* composeHostingApp */;
			targetProxy = 573A467A2DCA1D0C00BD7177 /* PBXContainerItemProxy */;
		};
/* End PBXTargetDependency section */

/* Begin XCBuildConfiguration section */
		573A46812DCA1D0C00BD7177 /* Debug */ = {
			isa = XCBuildConfiguration;
			buildSettings = {
				ALWAYS_SEARCH_USER_PATHS = NO;
				ASSETCATALOG_COMPILER_GENERATE_SWIFT_ASSET_SYMBOL_EXTENSIONS = YES;
				CLANG_ANALYZER_NONNULL = YES;
				CLANG_ANALYZER_NUMBER_OBJECT_CONVERSION = YES_AGGRESSIVE;
				CLANG_CXX_LANGUAGE_STANDARD = "gnu++20";
				CLANG_ENABLE_MODULES = YES;
				CLANG_ENABLE_OBJC_ARC = YES;
				CLANG_ENABLE_OBJC_WEAK = YES;
				CLANG_WARN_BLOCK_CAPTURE_AUTORELEASING = YES;
				CLANG_WARN_BOOL_CONVERSION = YES;
				CLANG_WARN_COMMA = YES;
				CLANG_WARN_CONSTANT_CONVERSION = YES;
				CLANG_WARN_DEPRECATED_OBJC_IMPLEMENTATIONS = YES;
				CLANG_WARN_DIRECT_OBJC_ISA_USAGE = YES_ERROR;
				CLANG_WARN_DOCUMENTATION_COMMENTS = YES;
				CLANG_WARN_EMPTY_BODY = YES;
				CLANG_WARN_ENUM_CONVERSION = YES;
				CLANG_WARN_INFINITE_RECURSION = YES;
				CLANG_WARN_INT_CONVERSION = YES;
				CLANG_WARN_NON_LITERAL_NULL_CONVERSION = YES;
				CLANG_WARN_OBJC_IMPLICIT_RETAIN_SELF = YES;
				CLANG_WARN_OBJC_LITERAL_CONVERSION = YES;
				CLANG_WARN_OBJC_ROOT_CLASS = YES_ERROR;
				CLANG_WARN_QUOTED_INCLUDE_IN_FRAMEWORK_HEADER = YES;
				CLANG_WARN_RANGE_LOOP_ANALYSIS = YES;
				CLANG_WARN_STRICT_PROTOTYPES = YES;
				CLANG_WARN_SUSPICIOUS_MOVE = YES;
				CLANG_WARN_UNGUARDED_AVAILABILITY = YES_AGGRESSIVE;
				CLANG_WARN_UNREACHABLE_CODE = YES;
				CLANG_WARN__DUPLICATE_METHOD_MATCH = YES;
				COPY_PHASE_STRIP = NO;
				DEBUG_INFORMATION_FORMAT = dwarf;
				ENABLE_STRICT_OBJC_MSGSEND = YES;
				ENABLE_TESTABILITY = YES;
				ENABLE_USER_SCRIPT_SANDBOXING = YES;
				GCC_C_LANGUAGE_STANDARD = gnu17;
				GCC_DYNAMIC_NO_PIC = NO;
				GCC_NO_COMMON_BLOCKS = YES;
				GCC_OPTIMIZATION_LEVEL = 0;
				GCC_PREPROCESSOR_DEFINITIONS = (
					"DEBUG=1",
					"$(inherited)",
				);
				GCC_WARN_64_TO_32_BIT_CONVERSION = YES;
				GCC_WARN_ABOUT_RETURN_TYPE = YES_ERROR;
				GCC_WARN_UNDECLARED_SELECTOR = YES;
				GCC_WARN_UNINITIALIZED_AUTOS = YES_AGGRESSIVE;
				GCC_WARN_UNUSED_FUNCTION = YES;
				GCC_WARN_UNUSED_VARIABLE = YES;
				IPHONEOS_DEPLOYMENT_TARGET = 18.2;
				LOCALIZATION_PREFERS_STRING_CATALOGS = YES;
				MTL_ENABLE_DEBUG_INFO = INCLUDE_SOURCE;
				MTL_FAST_MATH = YES;
				ONLY_ACTIVE_ARCH = YES;
				SDKROOT = iphoneos;
				SWIFT_ACTIVE_COMPILATION_CONDITIONS = "DEBUG $(inherited)";
				SWIFT_OPTIMIZATION_LEVEL = "-Onone";
			};
			name = Debug;
		};
		573A46822DCA1D0C00BD7177 /* Release */ = {
			isa = XCBuildConfiguration;
			buildSettings = {
				ALWAYS_SEARCH_USER_PATHS = NO;
				ASSETCATALOG_COMPILER_GENERATE_SWIFT_ASSET_SYMBOL_EXTENSIONS = YES;
				CLANG_ANALYZER_NONNULL = YES;
				CLANG_ANALYZER_NUMBER_OBJECT_CONVERSION = YES_AGGRESSIVE;
				CLANG_CXX_LANGUAGE_STANDARD = "gnu++20";
				CLANG_ENABLE_MODULES = YES;
				CLANG_ENABLE_OBJC_ARC = YES;
				CLANG_ENABLE_OBJC_WEAK = YES;
				CLANG_WARN_BLOCK_CAPTURE_AUTORELEASING = YES;
				CLANG_WARN_BOOL_CONVERSION = YES;
				CLANG_WARN_COMMA = YES;
				CLANG_WARN_CONSTANT_CONVERSION = YES;
				CLANG_WARN_DEPRECATED_OBJC_IMPLEMENTATIONS = YES;
				CLANG_WARN_DIRECT_OBJC_ISA_USAGE = YES_ERROR;
				CLANG_WARN_DOCUMENTATION_COMMENTS = YES;
				CLANG_WARN_EMPTY_BODY = YES;
				CLANG_WARN_ENUM_CONVERSION = YES;
				CLANG_WARN_INFINITE_RECURSION = YES;
				CLANG_WARN_INT_CONVERSION = YES;
				CLANG_WARN_NON_LITERAL_NULL_CONVERSION = YES;
				CLANG_WARN_OBJC_IMPLICIT_RETAIN_SELF = YES;
				CLANG_WARN_OBJC_LITERAL_CONVERSION = YES;
				CLANG_WARN_OBJC_ROOT_CLASS = YES_ERROR;
				CLANG_WARN_QUOTED_INCLUDE_IN_FRAMEWORK_HEADER = YES;
				CLANG_WARN_RANGE_LOOP_ANALYSIS = YES;
				CLANG_WARN_STRICT_PROTOTYPES = YES;
				CLANG_WARN_SUSPICIOUS_MOVE = YES;
				CLANG_WARN_UNGUARDED_AVAILABILITY = YES_AGGRESSIVE;
				CLANG_WARN_UNREACHABLE_CODE = YES;
				CLANG_WARN__DUPLICATE_METHOD_MATCH = YES;
				COPY_PHASE_STRIP = NO;
				DEBUG_INFORMATION_FORMAT = "dwarf-with-dsym";
				ENABLE_NS_ASSERTIONS = NO;
				ENABLE_STRICT_OBJC_MSGSEND = YES;
				ENABLE_USER_SCRIPT_SANDBOXING = YES;
				GCC_C_LANGUAGE_STANDARD = gnu17;
				GCC_NO_COMMON_BLOCKS = YES;
				GCC_WARN_64_TO_32_BIT_CONVERSION = YES;
				GCC_WARN_ABOUT_RETURN_TYPE = YES_ERROR;
				GCC_WARN_UNDECLARED_SELECTOR = YES;
				GCC_WARN_UNINITIALIZED_AUTOS = YES_AGGRESSIVE;
				GCC_WARN_UNUSED_FUNCTION = YES;
				GCC_WARN_UNUSED_VARIABLE = YES;
				IPHONEOS_DEPLOYMENT_TARGET = 18.2;
				LOCALIZATION_PREFERS_STRING_CATALOGS = YES;
				MTL_ENABLE_DEBUG_INFO = NO;
				MTL_FAST_MATH = YES;
				SDKROOT = iphoneos;
				SWIFT_COMPILATION_MODE = wholemodule;
				VALIDATE_PRODUCT = YES;
			};
			name = Release;
		};
		573A46842DCA1D0C00BD7177 /* Debug */ = {
			isa = XCBuildConfiguration;
			buildSettings = {
				ASSETCATALOG_COMPILER_APPICON_NAME = AppIcon;
				ASSETCATALOG_COMPILER_GLOBAL_ACCENT_COLOR_NAME = AccentColor;
				CODE_SIGN_STYLE = Automatic;
				CURRENT_PROJECT_VERSION = 1;
				DEVELOPMENT_ASSET_PATHS = "\"composeHostingApp/Preview Content\"";
				ENABLE_PREVIEWS = YES;
				GENERATE_INFOPLIST_FILE = YES;
				INFOPLIST_KEY_UIApplicationSceneManifest_Generation = YES;
				INFOPLIST_KEY_UIApplicationSupportsIndirectInputEvents = YES;
				INFOPLIST_KEY_UILaunchScreen_Generation = YES;
				INFOPLIST_KEY_UISupportedInterfaceOrientations_iPad = "UIInterfaceOrientationPortrait UIInterfaceOrientationPortraitUpsideDown UIInterfaceOrientationLandscapeLeft UIInterfaceOrientationLandscapeRight";
				INFOPLIST_KEY_UISupportedInterfaceOrientations_iPhone = "UIInterfaceOrientationPortrait UIInterfaceOrientationLandscapeLeft UIInterfaceOrientationLandscapeRight";
				LD_RUNPATH_SEARCH_PATHS = (
					"$(inherited)",
					"@executable_path/Frameworks",
				);
				MARKETING_VERSION = 1.0;
				PRODUCT_BUNDLE_IDENTIFIER = com.capgemini.composeHostingApp;
				PRODUCT_NAME = "$(TARGET_NAME)";
				SWIFT_EMIT_LOC_STRINGS = YES;
				SWIFT_VERSION = 5.0;
				TARGETED_DEVICE_FAMILY = "1,2";
			};
			name = Debug;
		};
		573A46852DCA1D0C00BD7177 /* Release */ = {
			isa = XCBuildConfiguration;
			buildSettings = {
				ASSETCATALOG_COMPILER_APPICON_NAME = AppIcon;
				ASSETCATALOG_COMPILER_GLOBAL_ACCENT_COLOR_NAME = AccentColor;
				CODE_SIGN_STYLE = Automatic;
				CURRENT_PROJECT_VERSION = 1;
				DEVELOPMENT_ASSET_PATHS = "\"composeHostingApp/Preview Content\"";
				ENABLE_PREVIEWS = YES;
				GENERATE_INFOPLIST_FILE = YES;
				INFOPLIST_KEY_UIApplicationSceneManifest_Generation = YES;
				INFOPLIST_KEY_UIApplicationSupportsIndirectInputEvents = YES;
				INFOPLIST_KEY_UILaunchScreen_Generation = YES;
				INFOPLIST_KEY_UISupportedInterfaceOrientations_iPad = "UIInterfaceOrientationPortrait UIInterfaceOrientationPortraitUpsideDown UIInterfaceOrientationLandscapeLeft UIInterfaceOrientationLandscapeRight";
				INFOPLIST_KEY_UISupportedInterfaceOrientations_iPhone = "UIInterfaceOrientationPortrait UIInterfaceOrientationLandscapeLeft UIInterfaceOrientationLandscapeRight";
				LD_RUNPATH_SEARCH_PATHS = (
					"$(inherited)",
					"@executable_path/Frameworks",
				);
				MARKETING_VERSION = 1.0;
				PRODUCT_BUNDLE_IDENTIFIER = com.capgemini.composeHostingApp;
				PRODUCT_NAME = "$(TARGET_NAME)";
				SWIFT_EMIT_LOC_STRINGS = YES;
				SWIFT_VERSION = 5.0;
				TARGETED_DEVICE_FAMILY = "1,2";
			};
			name = Release;
		};
		573A46872DCA1D0C00BD7177 /* Debug */ = {
			isa = XCBuildConfiguration;
			buildSettings = {
				BUNDLE_LOADER = "$(TEST_HOST)";
				CODE_SIGN_STYLE = Automatic;
				CURRENT_PROJECT_VERSION = 1;
				GENERATE_INFOPLIST_FILE = YES;
				IPHONEOS_DEPLOYMENT_TARGET = 18.2;
				MARKETING_VERSION = 1.0;
				PRODUCT_BUNDLE_IDENTIFIER = com.capgemini.composeHostingAppTests;
				PRODUCT_NAME = "$(TARGET_NAME)";
				SWIFT_EMIT_LOC_STRINGS = NO;
				SWIFT_VERSION = 5.0;
				TARGETED_DEVICE_FAMILY = "1,2";
				TEST_HOST = "$(BUILT_PRODUCTS_DIR)/composeHostingApp.app/$(BUNDLE_EXECUTABLE_FOLDER_PATH)/composeHostingApp";
			};
			name = Debug;
		};
		573A46882DCA1D0C00BD7177 /* Release */ = {
			isa = XCBuildConfiguration;
			buildSettings = {
				BUNDLE_LOADER = "$(TEST_HOST)";
				CODE_SIGN_STYLE = Automatic;
				CURRENT_PROJECT_VERSION = 1;
				GENERATE_INFOPLIST_FILE = YES;
				IPHONEOS_DEPLOYMENT_TARGET = 18.2;
				MARKETING_VERSION = 1.0;
				PRODUCT_BUNDLE_IDENTIFIER = com.capgemini.composeHostingAppTests;
				PRODUCT_NAME = "$(TARGET_NAME)";
				SWIFT_EMIT_LOC_STRINGS = NO;
				SWIFT_VERSION = 5.0;
				TARGETED_DEVICE_FAMILY = "1,2";
				TEST_HOST = "$(BUILT_PRODUCTS_DIR)/composeHostingApp.app/$(BUNDLE_EXECUTABLE_FOLDER_PATH)/composeHostingApp";
			};
			name = Release;
		};
		573A468A2DCA1D0C00BD7177 /* Debug */ = {
			isa = XCBuildConfiguration;
			buildSettings = {
				CODE_SIGN_STYLE = Automatic;
				CURRENT_PROJECT_VERSION = 1;
				GENERATE_INFOPLIST_FILE = YES;
				MARKETING_VERSION = 1.0;
				PRODUCT_BUNDLE_IDENTIFIER = com.capgemini.composeHostingAppUITests;
				PRODUCT_NAME = "$(TARGET_NAME)";
				SWIFT_EMIT_LOC_STRINGS = NO;
				SWIFT_VERSION = 5.0;
				TARGETED_DEVICE_FAMILY = "1,2";
				TEST_TARGET_NAME = composeHostingApp;
			};
			name = Debug;
		};
		573A468B2DCA1D0C00BD7177 /* Release */ = {
			isa = XCBuildConfiguration;
			buildSettings = {
				CODE_SIGN_STYLE = Automatic;
				CURRENT_PROJECT_VERSION = 1;
				GENERATE_INFOPLIST_FILE = YES;
				MARKETING_VERSION = 1.0;
				PRODUCT_BUNDLE_IDENTIFIER = com.capgemini.composeHostingAppUITests;
				PRODUCT_NAME = "$(TARGET_NAME)";
				SWIFT_EMIT_LOC_STRINGS = NO;
				SWIFT_VERSION = 5.0;
				TARGETED_DEVICE_FAMILY = "1,2";
				TEST_TARGET_NAME = composeHostingApp;
			};
			name = Release;
		};
/* End XCBuildConfiguration section */

/* Begin XCConfigurationList section */
		573A465A2DCA1D0900BD7177 /* Build configuration list for PBXProject "composeHostingApp" */ = {
			isa = XCConfigurationList;
			buildConfigurations = (
				573A46812DCA1D0C00BD7177 /* Debug */,
				573A46822DCA1D0C00BD7177 /* Release */,
			);
			defaultConfigurationIsVisible = 0;
			defaultConfigurationName = Release;
		};
		573A46832DCA1D0C00BD7177 /* Build configuration list for PBXNativeTarget "composeHostingApp" */ = {
			isa = XCConfigurationList;
			buildConfigurations = (
				573A46842DCA1D0C00BD7177 /* Debug */,
				573A46852DCA1D0C00BD7177 /* Release */,
			);
			defaultConfigurationIsVisible = 0;
			defaultConfigurationName = Release;
		};
		573A46862DCA1D0C00BD7177 /* Build configuration list for PBXNativeTarget "composeHostingAppTests" */ = {
			isa = XCConfigurationList;
			buildConfigurations = (
				573A46872DCA1D0C00BD7177 /* Debug */,
				573A46882DCA1D0C00BD7177 /* Release */,
			);
			defaultConfigurationIsVisible = 0;
			defaultConfigurationName = Release;
		};
		573A46892DCA1D0C00BD7177 /* Build configuration list for PBXNativeTarget "composeHostingAppUITests" */ = {
			isa = XCConfigurationList;
			buildConfigurations = (
				573A468A2DCA1D0C00BD7177 /* Debug */,
				573A468B2DCA1D0C00BD7177 /* Release */,
			);
			defaultConfigurationIsVisible = 0;
			defaultConfigurationName = Release;
		};
/* End XCConfigurationList section */
	};
	rootObject = 573A46572DCA1D0900BD7177 /* Project object */;
}
